
Microsoft Visual Studio Solution File, Format Version 12.00
Project("{FAE04EC0-301F-11D3-BF4B-00C04F79EFBC}") = "XmlFileIngestion", "XmlFileIngestion\XmlFileIngestion.csproj", "{45721CE4-7B01-401D-AA30-062E47400C05}"
EndProject
Global
	GlobalSection(SolutionConfigurationPlatforms) = preSolution
		Debug|Any CPU = Debug|Any CPU
		Release|Any CPU = Release|Any CPU
	EndGlobalSection
	GlobalSection(ProjectConfigurationPlatforms) = postSolution
		{45721CE4-7B01-401D-AA30-062E47400C05}.Debug|Any CPU.ActiveCfg = Debug|Any CPU
		{45721CE4-7B01-401D-AA30-062E47400C05}.Debug|Any CPU.Build.0 = Debug|Any CPU
		{45721CE4-7B01-401D-AA30-062E47400C05}.Release|Any CPU.ActiveCfg = Release|Any CPU
		{45721CE4-7B01-401D-AA30-062E47400C05}.Release|Any CPU.Build.0 = Release|Any CPU
	EndGlobalSection
EndGlobal
